
Microsoft Visual Studio Solution File, Format Version 12.00
# Visual Studio Version 16
VisualStudioVersion = 16.0.30907.101
MinimumVisualStudioVersion = 10.0.40219.1
Project("{FAE04EC0-301F-11D3-BF4B-00C04F79EFBC}") = "DemoWebAPI", "DemoWebAPI\DemoWebAPI.csproj", "{F173AF3A-BFC6-4E19-A223-269A87B4A5A0}"
EndProject
Global
	GlobalSection(SolutionConfigurationPlatforms) = preSolution
		Debug|Any CPU = Debug|Any CPU
		Release|Any CPU = Release|Any CPU
	EndGlobalSection
	GlobalSection(ProjectConfigurationPlatforms) = postSolution
		{F173AF3A-BFC6-4E19-A223-269A87B4A5A0}.Debug|Any CPU.ActiveCfg = Debug|Any CPU
		{F173AF3A-BFC6-4E19-A223-269A87B4A5A0}.Debug|Any CPU.Build.0 = Debug|Any CPU
		{F173AF3A-BFC6-4E19-A223-269A87B4A5A0}.Release|Any CPU.ActiveCfg = Release|Any CPU
		{F173AF3A-BFC6-4E19-A223-269A87B4A5A0}.Release|Any CPU.Build.0 = Release|Any CPU
	EndGlobalSection
	GlobalSection(SolutionProperties) = preSolution
		HideSolutionNode = FALSE
	EndGlobalSection
	GlobalSection(ExtensibilityGlobals) = postSolution
		SolutionGuid = {121ADDAD-77D3-45C1-90CE-013E3C113CA4}
	EndGlobalSection
EndGlobal
